{
  "_readme": [
    "This file locks the dependencies of your project to a known state",
    "Read more about it at https://getcomposer.org/doc/01-basic-usage.md#installing-dependencies",
    "This file is @generated automatically"
  ],
  "content-hash": "f19271525935b8a6da11cac6c94bbd4f",
  "packages": [
    {
      "name": "ezyang/htmlpurifier",
      "version": "v4.14.0",
      "source": {
        "type": "git",
        "url": "https://github.com/ezyang/htmlpurifier.git",
        "reference": "12ab42bd6e742c70c0a52f7b82477fcd44e64b75"
      },
      "dist": {
        "type": "zip",
        "url": "https://api.github.com/repos/ezyang/htmlpurifier/zipball/12ab42bd6e742c70c0a52f7b82477fcd44e64b75",
        "reference": "12ab42bd6e742c70c0a52f7b82477fcd44e64b75",
        "shasum": ""
      },
      "require": {
        "php": ">=5.2"
      },
      "type": "library",
      "autoload": {
        "files": ["library/HTMLPurifier.composer.php"],
        "psr-0": {
          "HTMLPurifier": "library/"
        },
        "exclude-from-classmap": ["/library/HTMLPurifier/Language/"]
      },
      "notification-url": "https://packagist.org/downloads/",
      "license": ["LGPL-2.1-or-later"],
      "authors": [
        {
          "name": "Edward Z. Yang",
          "email": "admin@htmlpurifier.org",
          "homepage": "http://ezyang.com"
        }
      ],
      "description": "Standards compliant HTML filter written in PHP",
      "homepage": "http://htmlpurifier.org/",
      "keywords": ["html"],
      "support": {
        "issues": "https://github.com/ezyang/htmlpurifier/issues",
        "source": "https://github.com/ezyang/htmlpurifier/tree/v4.14.0"
      },
      "time": "2021-12-25T01:21:49+00:00"
    },
    {
      "name": "gumlet/php-image-resize",
      "version": "2.0.1",
      "source": {
        "type": "git",
        "url": "https://github.com/gumlet/php-image-resize.git",
        "reference": "5ef461c53241933a3e14e4582a9d2884b8261213"
      },
      "dist": {
        "type": "zip",
        "url": "https://api.github.com/repos/gumlet/php-image-resize/zipball/5ef461c53241933a3e14e4582a9d2884b8261213",
        "reference": "5ef461c53241933a3e14e4582a9d2884b8261213",
        "shasum": ""
      },
      "require": {
        "ext-fileinfo": "*",
        "ext-gd": "*",
        "php": ">=5.6.0"
      },
      "require-dev": {
        "apigen/apigen": "^4.1",
        "ext-exif": "*",
        "ext-gd": "*",
        "php-coveralls/php-coveralls": "^2.1",
        "phpunit/phpunit": "^8.5"
      },
      "suggest": {
        "ext-exif": "Auto-rotate jpeg files"
      },
      "type": "library",
      "autoload": {
        "psr-4": {
          "Gumlet\\": "lib/"
        }
      },
      "notification-url": "https://packagist.org/downloads/",
      "license": ["MIT"],
      "authors": [
        {
          "name": "Aditya Patadia",
          "homepage": "http://aditya.patadia.org/"
        }
      ],
      "description": "PHP class to re-size and scale images",
      "homepage": "https://github.com/gumlet/php-image-resize",
      "keywords": ["image", "php", "resize", "scale"],
      "support": {
        "issues": "https://github.com/gumlet/php-image-resize/issues",
        "source": "https://github.com/gumlet/php-image-resize/tree/2.0.1"
      },
      "time": "2021-12-18T17:10:48+00:00"
    },
    {
      "name": "tinymce/tinymce",
      "version": "6.0.1",
      "source": {
        "type": "git",
        "url": "https://github.com/tinymce/tinymce-dist.git",
        "reference": "8898185c29290f52515bbd1ce53816181ce37c0f"
      },
      "dist": {
        "type": "zip",
        "url": "https://api.github.com/repos/tinymce/tinymce-dist/zipball/8898185c29290f52515bbd1ce53816181ce37c0f",
        "reference": "8898185c29290f52515bbd1ce53816181ce37c0f",
        "shasum": ""
      },
      "type": "component",
      "extra": {
        "component": {
          "scripts": [
            "tinymce.js",
            "plugins/*/plugin.js",
            "themes/*/theme.js",
            "models/*/model.js",
            "icons/*/icons.js"
          ],
          "files": [
            "tinymce.min.js",
            "plugins/*/plugin.min.js",
            "themes/*/theme.min.js",
            "models/*/model.min.js",
            "skins/**",
            "icons/*/icons.min.js"
          ]
        }
      },
      "notification-url": "https://packagist.org/downloads/",
      "license": ["MIT-only"],
      "description": "Web based JavaScript HTML WYSIWYG editor control.",
      "homepage": "https://www.tiny.cloud/",
      "keywords": [
        "contenteditable",
        "editing",
        "html",
        "javascript",
        "rich editor",
        "rich text",
        "rich text editor",
        "richtext",
        "rte",
        "text",
        "tinymce",
        "wysiwyg"
      ],
      "support": {
        "source": "https://github.com/tinymce/tinymce-dist/tree/6.0.1"
      },
      "time": "2022-03-23T02:04:52+00:00"
    }
  ],
  "packages-dev": [],
  "aliases": [],
  "minimum-stability": "stable",
  "stability-flags": [],
  "prefer-stable": false,
  "prefer-lowest": false,
  "platform": [],
  "platform-dev": [],
  "plugin-api-version": "2.3.0"
}
